// !$*UTF8*$!
{
	archiveVersion = 1;
	classes = {
	};
	objectVersion = 77;
	objects = {

/* Begin PBXBuildFile section */
		AA43BB8F2F29F79400C38282 /* README.md in Resources */ = {isa = PBXBuildFile; fileRef = AA43BB8C2F29F79400C38282 /* README.md */; };
		AA43BB902F29F79400C38282 /* TODO.md in Resources */ = {isa = PBXBuildFile; fileRef = AA43BB8E2F29F79400C38282 /* TODO.md */; };
		AA43BB912F29F79400C38282 /* README-1.md in Resources */ = {isa = PBXBuildFile; fileRef = AA43BB8D2F29F79400C38282 /* README-1.md */; };
		AA43BC0C2F29F8FB00C38282 /* d7a76a9d4131bfd79a25795e1af6902dff130d in Resources */ = {isa = PBXBuildFile; fileRef = AA43BBB72F29F8FB00C38282 /* d7a76a9d4131bfd79a25795e1af6902dff130d */; };
		AA43BC0D2F29F8FB00C38282 /* FETCH_HEAD in Resources */ = {isa = PBXBuildFile; fileRef = AA43BC052F29F8FB00C38282 /* FETCH_HEAD */; };
		AA43BC0E2F29F8FB00C38282 /* HEAD in Resources */ = {isa = PBXBuildFile; fileRef = AA43BC062F29F8FB00C38282 /* HEAD */; };
		AA43BC0F2F29F8FB00C38282 /* update.sample in Resources */ = {isa = PBXBuildFile; fileRef = AA43BBA12F29F8FB00C38282 /* update.sample */; };
		AA43BC102F29F8FB00C38282 /* 400cdb8dce2c3b2fb5110f4d58e4928dd50142 in Resources */ = {isa = PBXBuildFile; fileRef = AA43BBC92F29F8FB00C38282 /* 400cdb8dce2c3b2fb5110f4d58e4928dd50142 */; };
		AA43BC112F29F8FB00C38282 /* 7a63eea7e9c0ce5de3966399f96c4442a0e626 in Resources */ = {isa = PBXBuildFile; fileRef = AA43BBED2F29F8FB00C38282 /* 7a63eea7e9c0ce5de3966399f96c4442a0e626 */; };
		AA43BC122F29F8FB00C38282 /* c00596a7fca3f3d4bdd64053b69d86745f9e10 in Resources */ = {isa = PBXBuildFile; fileRef = AA43BBD12F29F8FB00C38282 /* c00596a7fca3f3d4bdd64053b69d86745f9e10 */; };
		AA43BC132F29F8FB00C38282 /* ORIG_HEAD in Resources */ = {isa = PBXBuildFile; fileRef = AA43BC082F29F8FB00C38282 /* ORIG_HEAD */; };
		AA43BC142F29F8FB00C38282 /* applypatch-msg.sample in Resources */ = {isa = PBXBuildFile; fileRef = AA43BB952F29F8FB00C38282 /* applypatch-msg.sample */; };
		AA43BC152F29F8FB00C38282 /* 559efc33e548f59b7e3c99e1b8d03975f009f7 in Resources */ = {isa = PBXBuildFile; fileRef = AA43BBE42F29F8FB00C38282 /* 559efc33e548f59b7e3c99e1b8d03975f009f7 */; };
		AA43BC162F29F8FB00C38282 /* 4d28d7249c278443fff36c3129e0e802dd58d6 in Resources */ = {isa = PBXBuildFile; fileRef = AA43BBCD2F29F8FB00C38282 /* 4d28d7249c278443fff36c3129e0e802dd58d6 */; };
		AA43BC172F29F8FB00C38282 /* 56da6555df6f220f4b74f3417e8e7cfe6c4aaa in Resources */ = {isa = PBXBuildFile; fileRef = AA43BBB92F29F8FB00C38282 /* 56da6555df6f220f4b74f3417e8e7cfe6c4aaa */; };
		AA43BC182F29F8FB00C38282 /* e176ea9134c086b379d40bc2c2dd1d1c50c505 in Resources */ = {isa = PBXBuildFile; fileRef = AA43BBF42F29F8FB00C38282 /* e176ea9134c086b379d40bc2c2dd1d1c50c505 */; };
		AA43BC192F29F8FB00C38282 /* e04a679193575cb341088b0e2b3d9d828f11c9 in Resources */ = {isa = PBXBuildFile; fileRef = AA43BBD52F29F8FB00C38282 /* e04a679193575cb341088b0e2b3d9d828f11c9 */; };
		AA43BC1A2F29F8FB00C38282 /* main in Resources */ = {isa = PBXBuildFile; fileRef = AA43BBFB2F29F8FB00C38282 /* main */; };
		AA43BC1B2F29F8FB00C38282 /* 0a6b13fea39fe7ea8a14a1f9e6401d03a8129e in Resources */ = {isa = PBXBuildFile; fileRef = AA43BBE12F29F8FB00C38282 /* 0a6b13fea39fe7ea8a14a1f9e6401d03a8129e */; };
		AA43BC1C2F29F8FB00C38282 /* 76ad355f0525bc332aec0a18e926b5a8007c23 in Resources */ = {isa = PBXBuildFile; fileRef = AA43BBC82F29F8FB00C38282 /* 76ad355f0525bc332aec0a18e926b5a8007c23 */; };
		AA43BC1D2F29F8FB00C38282 /* main in Resources */ = {isa = PBXBuildFile; fileRef = AA43BBFE2F29F8FB00C38282 /* main */; };
		AA43BC1E2F29F8FB00C38282 /* 40fde85817856b8d89b798ef60e285ef6fd9a7 in Resources */ = {isa = PBXBuildFile; fileRef = AA43BBB02F29F8FB00C38282 /* 40fde85817856b8d89b798ef60e285ef6fd9a7 */; };
		AA43BC1F2F29F8FB00C38282 /* HEAD in Resources */ = {isa = PBXBuildFile; fileRef = AA43BBAC2F29F8FB00C38282 /* HEAD */; };
		AA43BC202F29F8FB00C38282 /* 9434a6254f0e9651f402737811be6634a03e9c in Resources */ = {isa = PBXBuildFile; fileRef = AA43BBD72F29F8FB00C38282 /* 9434a6254f0e9651f402737811be6634a03e9c */; };
		AA43BC212F29F8FB00C38282 /* e3f2b62998509d9e87bd03d7f7c3b1ca441cde in Resources */ = {isa = PBXBuildFile; fileRef = AA43BBDD2F29F8FB00C38282 /* e3f2b62998509d9e87bd03d7f7c3b1ca441cde */; };
		AA43BC222F29F8FB00C38282 /* 007ad5d3538f89cca988bbf02f94cf72f007e4 in Resources */ = {isa = PBXBuildFile; fileRef = AA43BBD32F29F8FB00C38282 /* 007ad5d3538f89cca988bbf02f94cf72f007e4 */; };
		AA43BC232F29F8FB00C38282 /* pack-a9ec5e8692ac7fd102b0d1012747c5bcfcbd8db5.pack in Resources */ = {isa = PBXBuildFile; fileRef = AA43BBF82F29F8FB00C38282 /* pack-a9ec5e8692ac7fd102b0d1012747c5bcfcbd8db5.pack */; };
		AA43BC242F29F8FB00C38282 /* a1154ef16393a5b60e55d0f489964927ce578f in Resources */ = {isa = PBXBuildFile; fileRef = AA43BBB52F29F8FB00C38282 /* a1154ef16393a5b60e55d0f489964927ce578f */; };
		AA43BC252F29F8FB00C38282 /* pre-receive.sample in Resources */ = {isa = PBXBuildFile; fileRef = AA43BB9E2F29F8FB00C38282 /* pre-receive.sample */; };
		AA43BC262F29F8FB00C38282 /* 840dce66cd3e780cd62b178e66d8ef15b204a3 in Resources */ = {isa = PBXBuildFile; fileRef = AA43BBF22F29F8FB00C38282 /* 840dce66cd3e780cd62b178e66d8ef15b204a3 */; };
		AA43BC272F29F8FB00C38282 /* pack-a9ec5e8692ac7fd102b0d1012747c5bcfcbd8db5.idx in Resources */ = {isa = PBXBuildFile; fileRef = AA43BBF72F29F8FB00C38282 /* pack-a9ec5e8692ac7fd102b0d1012747c5bcfcbd8db5.idx */; };
		AA43BC282F29F8FB00C38282 /* pre-rebase.sample in Resources */ = {isa = PBXBuildFile; fileRef = AA43BB9D2F29F8FB00C38282 /* pre-rebase.sample */; };
		AA43BC292F29F8FB00C38282 /* 559e7ddcec5a54c9aac2f86c6a211a63148d31 in Resources */ = {isa = PBXBuildFile; fileRef = AA43BBDB2F29F8FB00C38282 /* 559e7ddcec5a54c9aac2f86c6a211a63148d31 */; };
		AA43BC2A2F29F8FB00C38282 /* .gitignore in Resources */ = {isa = PBXBuildFile; fileRef = AA43BC0B2F29F8FB00C38282 /* .gitignore */; };
		AA43BC2B2F29F8FB00C38282 /* 95e435e55b46a00daff037533a283c7f8754f2 in Resources */ = {isa = PBXBuildFile; fileRef = AA43BBCB2F29F8FB00C38282 /* 95e435e55b46a00daff037533a283c7f8754f2 */; };
		AA43BC2C2F29F8FB00C38282 /* 96279506e6d6e852047e7d691f56b472f63fe4 in Resources */ = {isa = PBXBuildFile; fileRef = AA43BBB42F29F8FB00C38282 /* 96279506e6d6e852047e7d691f56b472f63fe4 */; };
		AA43BC2D2F29F8FB00C38282 /* 886089811f40dbb9e5835b48725e9b662c611a in Resources */ = {isa = PBXBuildFile; fileRef = AA43BBD92F29F8FB00C38282 /* 886089811f40dbb9e5835b48725e9b662c611a */; };
		AA43BC2E2F29F8FB00C38282 /* 969ba5cfc5b778a2427065cc9a9275df4f9d65 in Resources */ = {isa = PBXBuildFile; fileRef = AA43BBBB2F29F8FB00C38282 /* 969ba5cfc5b778a2427065cc9a9275df4f9d65 */; };
		AA43BC2F2F29F8FB00C38282 /* config in Resources */ = {isa = PBXBuildFile; fileRef = AA43BC032F29F8FB00C38282 /* config */; };
		AA43BC302F29F8FB00C38282 /* index in Resources */ = {isa = PBXBuildFile; fileRef = AA43BC072F29F8FB00C38282 /* index */; };
		AA43BC312F29F8FB00C38282 /* 046a3864fdc31b9f5e0d7379f1c8051251751f in Resources */ = {isa = PBXBuildFile; fileRef = AA43BBC42F29F8FB00C38282 /* 046a3864fdc31b9f5e0d7379f1c8051251751f */; };
		AA43BC322F29F8FB00C38282 /* ff337514cb94f93384d253fb598b5159211078 in Resources */ = {isa = PBXBuildFile; fileRef = AA43BBC22F29F8FB00C38282 /* ff337514cb94f93384d253fb598b5159211078 */; };
		AA43BC332F29F8FB00C38282 /* d45b13f1af1f6a4f05377e415ca114213940ba in Resources */ = {isa = PBXBuildFile; fileRef = AA43BBB22F29F8FB00C38282 /* d45b13f1af1f6a4f05377e415ca114213940ba */; };
		AA43BC342F29F8FB00C38282 /* commit-msg.sample in Resources */ = {isa = PBXBuildFile; fileRef = AA43BB962F29F8FB00C38282 /* commit-msg.sample */; };
		AA43BC352F29F8FB00C38282 /* description in Resources */ = {isa = PBXBuildFile; fileRef = AA43BC042F29F8FB00C38282 /* description */; };
		AA43BC362F29F8FB00C38282 /* main in Resources */ = {isa = PBXBuildFile; fileRef = AA43BBA52F29F8FB00C38282 /* main */; };
		AA43BC372F29F8FB00C38282 /* a5d2ae220c7db8050e4d6516801e26a3e3529b in Resources */ = {isa = PBXBuildFile; fileRef = AA43BBE72F29F8FB00C38282 /* a5d2ae220c7db8050e4d6516801e26a3e3529b */; };
		AA43BC382F29F8FB00C38282 /* post-update.sample in Resources */ = {isa = PBXBuildFile; fileRef = AA43BB982F29F8FB00C38282 /* post-update.sample */; };
		AA43BC392F29F8FB00C38282 /* main in Resources */ = {isa = PBXBuildFile; fileRef = AA43BBA82F29F8FB00C38282 /* main */; };
		AA43BC3A2F29F8FB00C38282 /* 9de29bb2d1d6434b8b29ae775ad8c2e48c5391 in Resources */ = {isa = PBXBuildFile; fileRef = AA43BBEE2F29F8FB00C38282 /* 9de29bb2d1d6434b8b29ae775ad8c2e48c5391 */; };
		AA43BC3B2F29F8FB00C38282 /* 34193e1766e368684ed6959911e204d8c735b8 in Resources */ = {isa = PBXBuildFile; fileRef = AA43BBDF2F29F8FB00C38282 /* 34193e1766e368684ed6959911e204d8c735b8 */; };
		AA43BC3C2F29F8FB00C38282 /* 05880107db52fdcc2a49e2cd1cd14ced699c85 in Resources */ = {isa = PBXBuildFile; fileRef = AA43BBC62F29F8FB00C38282 /* 05880107db52fdcc2a49e2cd1cd14ced699c85 */; };
		AA43BC3D2F29F8FB00C38282 /* 9ffd68347c34ce1b2d5ea0ae081be55cc7ef6c in Resources */ = {isa = PBXBuildFile; fileRef = AA43BBC02F29F8FB00C38282 /* 9ffd68347c34ce1b2d5ea0ae081be55cc7ef6c */; };
		AA43BC3E2F29F8FB00C38282 /* 691848f2dff1e898e0441a42140d860d5f9882 in Resources */ = {isa = PBXBuildFile; fileRef = AA43BBE22F29F8FB00C38282 /* 691848f2dff1e898e0441a42140d860d5f9882 */; };
		AA43BC3F2F29F8FB00C38282 /* pre-push.sample in Resources */ = {isa = PBXBuildFile; fileRef = AA43BB9C2F29F8FB00C38282 /* pre-push.sample */; };
		AA43BC402F29F8FB00C38282 /* pre-merge-commit.sample in Resources */ = {isa = PBXBuildFile; fileRef = AA43BB9B2F29F8FB00C38282 /* pre-merge-commit.sample */; };
		AA43BC412F29F8FB00C38282 /* packed-refs in Resources */ = {isa = PBXBuildFile; fileRef = AA43BC092F29F8FB00C38282 /* packed-refs */; };
		AA43BC422F29F8FB00C38282 /* 88c9758f6ef96faf9f5d62b52e2d0a4e2cd0fc in Resources */ = {isa = PBXBuildFile; fileRef = AA43BBEB2F29F8FB00C38282 /* 88c9758f6ef96faf9f5d62b52e2d0a4e2cd0fc */; };
		AA43BC432F29F8FB00C38282 /* 8789700816459c1e1480e0b34781d9fb78a1ca in Resources */ = {isa = PBXBuildFile; fileRef = AA43BBF02F29F8FB00C38282 /* 8789700816459c1e1480e0b34781d9fb78a1ca */; };
		AA43BC442F29F8FB00C38282 /* d4d9c1a48bbdd23e267ee46766d665868a73e9 in Resources */ = {isa = PBXBuildFile; fileRef = AA43BBCF2F29F8FB00C38282 /* d4d9c1a48bbdd23e267ee46766d665868a73e9 */; };
		AA43BC452F29F8FB00C38282 /* fsmonitor-watchman.sample in Resources */ = {isa = PBXBuildFile; fileRef = AA43BB972F29F8FB00C38282 /* fsmonitor-watchman.sample */; };
		AA43BC462F29F8FB00C38282 /* pre-applypatch.sample in Resources */ = {isa = PBXBuildFile; fileRef = AA43BB992F29F8FB00C38282 /* pre-applypatch.sample */; };
		AA43BC472F29F8FB00C38282 /* c0f78898bf5a9f4889bdfa6252881a53b12721 in Resources */ = {isa = PBXBuildFile; fileRef = AA43BBE52F29F8FB00C38282 /* c0f78898bf5a9f4889bdfa6252881a53b12721 */; };
		AA43BC482F29F8FB00C38282 /* exclude in Resources */ = {isa = PBXBuildFile; fileRef = AA43BBA32F29F8FB00C38282 /* exclude */; };
		AA43BC492F29F8FB00C38282 /* 0c3bc145724a037c367af8bd72b1b6d0d09a4d in Resources */ = {isa = PBXBuildFile; fileRef = AA43BBE92F29F8FB00C38282 /* 0c3bc145724a037c367af8bd72b1b6d0d09a4d */; };
		AA43BC4A2F29F8FB00C38282 /* prepare-commit-msg.sample in Resources */ = {isa = PBXBuildFile; fileRef = AA43BB9F2F29F8FB00C38282 /* prepare-commit-msg.sample */; };
		AA43BC4B2F29F8FB00C38282 /* HEAD in Resources */ = {isa = PBXBuildFile; fileRef = AA43BBFD2F29F8FB00C38282 /* HEAD */; };
		AA43BC4C2F29F8FB00C38282 /* e09954f7740b943bdb7679055d1f26d229ffe9 in Resources */ = {isa = PBXBuildFile; fileRef = AA43BBAE2F29F8FB00C38282 /* e09954f7740b943bdb7679055d1f26d229ffe9 */; };
		AA43BC4D2F29F8FB00C38282 /* push-to-checkout.sample in Resources */ = {isa = PBXBuildFile; fileRef = AA43BBA02F29F8FB00C38282 /* push-to-checkout.sample */; };
		AA43BC4E2F29F8FB00C38282 /* HEAD in Resources */ = {isa = PBXBuildFile; fileRef = AA43BBA72F29F8FB00C38282 /* HEAD */; };
		AA43BC4F2F29F8FB00C38282 /* 764e796bdf2d08261c12e7729f72cbf5d89faa in Resources */ = {isa = PBXBuildFile; fileRef = AA43BBBE2F29F8FB00C38282 /* 764e796bdf2d08261c12e7729f72cbf5d89faa */; };
		AA43BC502F29F8FB00C38282 /* c4cc9f7565df0394cfcec720178425725f15f2 in Resources */ = {isa = PBXBuildFile; fileRef = AA43BBBC2F29F8FB00C38282 /* c4cc9f7565df0394cfcec720178425725f15f2 */; };
		AA43BC512F29F8FB00C38282 /* pre-commit.sample in Resources */ = {isa = PBXBuildFile; fileRef = AA43BB9A2F29F8FB00C38282 /* pre-commit.sample */; };
/* End PBXBuildFile section */

/* Begin PBXFileReference section */
		AA43BB4F2F13800100C38282 /* HouseChores.app */ = {isa = PBXFileReference; explicitFileType = wrapper.application; includeInIndex = 0; path = HouseChores.app; sourceTree = BUILT_PRODUCTS_DIR; };
		AA43BB8C2F29F79400C38282 /* README.md */ = {isa = PBXFileReference; lastKnownFileType = net.daringfireball.markdown; path = README.md; sourceTree = "<group>"; };
		AA43BB8D2F29F79400C38282 /* README-1.md */ = {isa = PBXFileReference; lastKnownFileType = net.daringfireball.markdown; path = "README-1.md"; sourceTree = "<group>"; };
		AA43BB8E2F29F79400C38282 /* TODO.md */ = {isa = PBXFileReference; lastKnownFileType = net.daringfireball.markdown; path = TODO.md; sourceTree = "<group>"; };
		AA43BB952F29F8FB00C38282 /* applypatch-msg.sample */ = {isa = PBXFileReference; lastKnownFileType = text.script.sh; path = "applypatch-msg.sample"; sourceTree = "<group>"; };
		AA43BB962F29F8FB00C38282 /* commit-msg.sample */ = {isa = PBXFileReference; lastKnownFileType = text.script.sh; path = "commit-msg.sample"; sourceTree = "<group>"; };
		AA43BB972F29F8FB00C38282 /* fsmonitor-watchman.sample */ = {isa = PBXFileReference; lastKnownFileType = text.script.perl; path = "fsmonitor-watchman.sample"; sourceTree = "<group>"; };
		AA43BB982F29F8FB00C38282 /* post-update.sample */ = {isa = PBXFileReference; lastKnownFileType = text.script.sh; path = "post-update.sample"; sourceTree = "<group>"; };
		AA43BB992F29F8FB00C38282 /* pre-applypatch.sample */ = {isa = PBXFileReference; lastKnownFileType = text.script.sh; path = "pre-applypatch.sample"; sourceTree = "<group>"; };
		AA43BB9A2F29F8FB00C38282 /* pre-commit.sample */ = {isa = PBXFileReference; lastKnownFileType = text.script.sh; path = "pre-commit.sample"; sourceTree = "<group>"; };
		AA43BB9B2F29F8FB00C38282 /* pre-merge-commit.sample */ = {isa = PBXFileReference; lastKnownFileType = text.script.sh; path = "pre-merge-commit.sample"; sourceTree = "<group>"; };
		AA43BB9C2F29F8FB00C38282 /* pre-push.sample */ = {isa = PBXFileReference; lastKnownFileType = text.script.sh; path = "pre-push.sample"; sourceTree = "<group>"; };
		AA43BB9D2F29F8FB00C38282 /* pre-rebase.sample */ = {isa = PBXFileReference; lastKnownFileType = text.script.sh; path = "pre-rebase.sample"; sourceTree = "<group>"; };
		AA43BB9E2F29F8FB00C38282 /* pre-receive.sample */ = {isa = PBXFileReference; lastKnownFileType = text.script.sh; path = "pre-receive.sample"; sourceTree = "<group>"; };
		AA43BB9F2F29F8FB00C38282 /* prepare-commit-msg.sample */ = {isa = PBXFileReference; lastKnownFileType = text.script.sh; path = "prepare-commit-msg.sample"; sourceTree = "<group>"; };
		AA43BBA02F29F8FB00C38282 /* push-to-checkout.sample */ = {isa = PBXFileReference; lastKnownFileType = text.script.sh; path = "push-to-checkout.sample"; sourceTree = "<group>"; };
		AA43BBA12F29F8FB00C38282 /* update.sample */ = {isa = PBXFileReference; lastKnownFileType = text.script.sh; path = update.sample; sourceTree = "<group>"; };
		AA43BBA32F29F8FB00C38282 /* exclude */ = {isa = PBXFileReference; lastKnownFileType = text; path = exclude; sourceTree = "<group>"; };
		AA43BBA52F29F8FB00C38282 /* main */ = {isa = PBXFileReference; lastKnownFileType = text; path = main; sourceTree = "<group>"; };
		AA43BBA72F29F8FB00C38282 /* HEAD */ = {isa = PBXFileReference; lastKnownFileType = text; path = HEAD; sourceTree = "<group>"; };
		AA43BBA82F29F8FB00C38282 /* main */ = {isa = PBXFileReference; lastKnownFileType = text; path = main; sourceTree = "<group>"; };
		AA43BBAC2F29F8FB00C38282 /* HEAD */ = {isa = PBXFileReference; lastKnownFileType = text; path = HEAD; sourceTree = "<group>"; };
		AA43BBAE2F29F8FB00C38282 /* e09954f7740b943bdb7679055d1f26d229ffe9 */ = {isa = PBXFileReference; lastKnownFileType = file; path = e09954f7740b943bdb7679055d1f26d229ffe9; sourceTree = "<group>"; };
		AA43BBB02F29F8FB00C38282 /* 40fde85817856b8d89b798ef60e285ef6fd9a7 */ = {isa = PBXFileReference; lastKnownFileType = file; path = 40fde85817856b8d89b798ef60e285ef6fd9a7; sourceTree = "<group>"; };
		AA43BBB22F29F8FB00C38282 /* d45b13f1af1f6a4f05377e415ca114213940ba */ = {isa = PBXFileReference; lastKnownFileType = file; path = d45b13f1af1f6a4f05377e415ca114213940ba; sourceTree = "<group>"; };
		AA43BBB42F29F8FB00C38282 /* 96279506e6d6e852047e7d691f56b472f63fe4 */ = {isa = PBXFileReference; lastKnownFileType = file; path = 96279506e6d6e852047e7d691f56b472f63fe4; sourceTree = "<group>"; };
		AA43BBB52F29F8FB00C38282 /* a1154ef16393a5b60e55d0f489964927ce578f */ = {isa = PBXFileReference; lastKnownFileType = file; path = a1154ef16393a5b60e55d0f489964927ce578f; sourceTree = "<group>"; };
		AA43BBB72F29F8FB00C38282 /* d7a76a9d4131bfd79a25795e1af6902dff130d */ = {isa = PBXFileReference; lastKnownFileType = file; path = d7a76a9d4131bfd79a25795e1af6902dff130d; sourceTree = "<group>"; };
		AA43BBB92F29F8FB00C38282 /* 56da6555df6f220f4b74f3417e8e7cfe6c4aaa */ = {isa = PBXFileReference; lastKnownFileType = file; path = 56da6555df6f220f4b74f3417e8e7cfe6c4aaa; sourceTree = "<group>"; };
		AA43BBBB2F29F8FB00C38282 /* 969ba5cfc5b778a2427065cc9a9275df4f9d65 */ = {isa = PBXFileReference; lastKnownFileType = file; path = 969ba5cfc5b778a2427065cc9a9275df4f9d65; sourceTree = "<group>"; };
		AA43BBBC2F29F8FB00C38282 /* c4cc9f7565df0394cfcec720178425725f15f2 */ = {isa = PBXFileReference; lastKnownFileType = file; path = c4cc9f7565df0394cfcec720178425725f15f2; sourceTree = "<group>"; };
		AA43BBBE2F29F8FB00C38282 /* 764e796bdf2d08261c12e7729f72cbf5d89faa */ = {isa = PBXFileReference; lastKnownFileType = file; path = 764e796bdf2d08261c12e7729f72cbf5d89faa; sourceTree = "<group>"; };
		AA43BBC02F29F8FB00C38282 /* 9ffd68347c34ce1b2d5ea0ae081be55cc7ef6c */ = {isa = PBXFileReference; lastKnownFileType = file; path = 9ffd68347c34ce1b2d5ea0ae081be55cc7ef6c; sourceTree = "<group>"; };
		AA43BBC22F29F8FB00C38282 /* ff337514cb94f93384d253fb598b5159211078 */ = {isa = PBXFileReference; lastKnownFileType = file; path = ff337514cb94f93384d253fb598b5159211078; sourceTree = "<group>"; };
		AA43BBC42F29F8FB00C38282 /* 046a3864fdc31b9f5e0d7379f1c8051251751f */ = {isa = PBXFileReference; lastKnownFileType = file; path = 046a3864fdc31b9f5e0d7379f1c8051251751f; sourceTree = "<group>"; };
		AA43BBC62F29F8FB00C38282 /* 05880107db52fdcc2a49e2cd1cd14ced699c85 */ = {isa = PBXFileReference; lastKnownFileType = file; path = 05880107db52fdcc2a49e2cd1cd14ced699c85; sourceTree = "<group>"; };
		AA43BBC82F29F8FB00C38282 /* 76ad355f0525bc332aec0a18e926b5a8007c23 */ = {isa = PBXFileReference; lastKnownFileType = file; path = 76ad355f0525bc332aec0a18e926b5a8007c23; sourceTree = "<group>"; };
		AA43BBC92F29F8FB00C38282 /* 400cdb8dce2c3b2fb5110f4d58e4928dd50142 */ = {isa = PBXFileReference; lastKnownFileType = file; path = 400cdb8dce2c3b2fb5110f4d58e4928dd50142; sourceTree = "<group>"; };
		AA43BBCB2F29F8FB00C38282 /* 95e435e55b46a00daff037533a283c7f8754f2 */ = {isa = PBXFileReference; lastKnownFileType = file; path = 95e435e55b46a00daff037533a283c7f8754f2; sourceTree = "<group>"; };
		AA43BBCD2F29F8FB00C38282 /* 4d28d7249c278443fff36c3129e0e802dd58d6 */ = {isa = PBXFileReference; lastKnownFileType = file; path = 4d28d7249c278443fff36c3129e0e802dd58d6; sourceTree = "<group>"; };
		AA43BBCF2F29F8FB00C38282 /* d4d9c1a48bbdd23e267ee46766d665868a73e9 */ = {isa = PBXFileReference; lastKnownFileType = file; path = d4d9c1a48bbdd23e267ee46766d665868a73e9; sourceTree = "<group>"; };
		AA43BBD12F29F8FB00C38282 /* c00596a7fca3f3d4bdd64053b69d86745f9e10 */ = {isa = PBXFileReference; lastKnownFileType = file; path = c00596a7fca3f3d4bdd64053b69d86745f9e10; sourceTree = "<group>"; };
		AA43BBD32F29F8FB00C38282 /* 007ad5d3538f89cca988bbf02f94cf72f007e4 */ = {isa = PBXFileReference; lastKnownFileType = file; path = 007ad5d3538f89cca988bbf02f94cf72f007e4; sourceTree = "<group>"; };
		AA43BBD52F29F8FB00C38282 /* e04a679193575cb341088b0e2b3d9d828f11c9 */ = {isa = PBXFileReference; lastKnownFileType = file; path = e04a679193575cb341088b0e2b3d9d828f11c9; sourceTree = "<group>"; };
		AA43BBD72F29F8FB00C38282 /* 9434a6254f0e9651f402737811be6634a03e9c */ = {isa = PBXFileReference; lastKnownFileType = file; path = 9434a6254f0e9651f402737811be6634a03e9c; sourceTree = "<group>"; };
		AA43BBD92F29F8FB00C38282 /* 886089811f40dbb9e5835b48725e9b662c611a */ = {isa = PBXFileReference; lastKnownFileType = file; path = 886089811f40dbb9e5835b48725e9b662c611a; sourceTree = "<group>"; };
		AA43BBDB2F29F8FB00C38282 /* 559e7ddcec5a54c9aac2f86c6a211a63148d31 */ = {isa = PBXFileReference; lastKnownFileType = file; path = 559e7ddcec5a54c9aac2f86c6a211a63148d31; sourceTree = "<group>"; };
		AA43BBDD2F29F8FB00C38282 /* e3f2b62998509d9e87bd03d7f7c3b1ca441cde */ = {isa = PBXFileReference; lastKnownFileType = file; path = e3f2b62998509d9e87bd03d7f7c3b1ca441cde; sourceTree = "<group>"; };
		AA43BBDF2F29F8FB00C38282 /* 34193e1766e368684ed6959911e204d8c735b8 */ = {isa = PBXFileReference; lastKnownFileType = file; path = 34193e1766e368684ed6959911e204d8c735b8; sourceTree = "<group>"; };
		AA43BBE12F29F8FB00C38282 /* 0a6b13fea39fe7ea8a14a1f9e6401d03a8129e */ = {isa = PBXFileReference; lastKnownFileType = file; path = 0a6b13fea39fe7ea8a14a1f9e6401d03a8129e; sourceTree = "<group>"; };
		AA43BBE22F29F8FB00C38282 /* 691848f2dff1e898e0441a42140d860d5f9882 */ = {isa = PBXFileReference; lastKnownFileType = file; path = 691848f2dff1e898e0441a42140d860d5f9882; sourceTree = "<group>"; };
		AA43BBE42F29F8FB00C38282 /* 559efc33e548f59b7e3c99e1b8d03975f009f7 */ = {isa = PBXFileReference; lastKnownFileType = file; path = 559efc33e548f59b7e3c99e1b8d03975f009f7; sourceTree = "<group>"; };
		AA43BBE52F29F8FB00C38282 /* c0f78898bf5a9f4889bdfa6252881a53b12721 */ = {isa = PBXFileReference; lastKnownFileType = file; path = c0f78898bf5a9f4889bdfa6252881a53b12721; sourceTree = "<group>"; };
		AA43BBE72F29F8FB00C38282 /* a5d2ae220c7db8050e4d6516801e26a3e3529b */ = {isa = PBXFileReference; lastKnownFileType = file; path = a5d2ae220c7db8050e4d6516801e26a3e3529b; sourceTree = "<group>"; };
		AA43BBE92F29F8FB00C38282 /* 0c3bc145724a037c367af8bd72b1b6d0d09a4d */ = {isa = PBXFileReference; lastKnownFileType = file; path = 0c3bc145724a037c367af8bd72b1b6d0d09a4d; sourceTree = "<group>"; };
		AA43BBEB2F29F8FB00C38282 /* 88c9758f6ef96faf9f5d62b52e2d0a4e2cd0fc */ = {isa = PBXFileReference; lastKnownFileType = file; path = 88c9758f6ef96faf9f5d62b52e2d0a4e2cd0fc; sourceTree = "<group>"; };
		AA43BBED2F29F8FB00C38282 /* 7a63eea7e9c0ce5de3966399f96c4442a0e626 */ = {isa = PBXFileReference; lastKnownFileType = file; path = 7a63eea7e9c0ce5de3966399f96c4442a0e626; sourceTree = "<group>"; };
		AA43BBEE2F29F8FB00C38282 /* 9de29bb2d1d6434b8b29ae775ad8c2e48c5391 */ = {isa = PBXFileReference; lastKnownFileType = file; path = 9de29bb2d1d6434b8b29ae775ad8c2e48c5391; sourceTree = "<group>"; };
		AA43BBF02F29F8FB00C38282 /* 8789700816459c1e1480e0b34781d9fb78a1ca */ = {isa = PBXFileReference; lastKnownFileType = file; path = 8789700816459c1e1480e0b34781d9fb78a1ca; sourceTree = "<group>"; };
		AA43BBF22F29F8FB00C38282 /* 840dce66cd3e780cd62b178e66d8ef15b204a3 */ = {isa = PBXFileReference; lastKnownFileType = text; path = 840dce66cd3e780cd62b178e66d8ef15b204a3; sourceTree = "<group>"; };
		AA43BBF42F29F8FB00C38282 /* e176ea9134c086b379d40bc2c2dd1d1c50c505 */ = {isa = PBXFileReference; lastKnownFileType = file; path = e176ea9134c086b379d40bc2c2dd1d1c50c505; sourceTree = "<group>"; };
		AA43BBF72F29F8FB00C38282 /* pack-a9ec5e8692ac7fd102b0d1012747c5bcfcbd8db5.idx */ = {isa = PBXFileReference; lastKnownFileType = file; path = "pack-a9ec5e8692ac7fd102b0d1012747c5bcfcbd8db5.idx"; sourceTree = "<group>"; };
		AA43BBF82F29F8FB00C38282 /* pack-a9ec5e8692ac7fd102b0d1012747c5bcfcbd8db5.pack */ = {isa = PBXFileReference; lastKnownFileType = file; path = "pack-a9ec5e8692ac7fd102b0d1012747c5bcfcbd8db5.pack"; sourceTree = "<group>"; };
		AA43BBFB2F29F8FB00C38282 /* main */ = {isa = PBXFileReference; lastKnownFileType = text; path = main; sourceTree = "<group>"; };
		AA43BBFD2F29F8FB00C38282 /* HEAD */ = {isa = PBXFileReference; lastKnownFileType = text; path = HEAD; sourceTree = "<group>"; };
		AA43BBFE2F29F8FB00C38282 /* main */ = {isa = PBXFileReference; lastKnownFileType = text; path = main; sourceTree = "<group>"; };
		AA43BC032F29F8FB00C38282 /* config */ = {isa = PBXFileReference; lastKnownFileType = text; path = config; sourceTree = "<group>"; };
		AA43BC042F29F8FB00C38282 /* description */ = {isa = PBXFileReference; lastKnownFileType = text; path = description; sourceTree = "<group>"; };
		AA43BC052F29F8FB00C38282 /* FETCH_HEAD */ = {isa = PBXFileReference; lastKnownFileType = text; path = FETCH_HEAD; sourceTree = "<group>"; };
		AA43BC062F29F8FB00C38282 /* HEAD */ = {isa = PBXFileReference; lastKnownFileType = text; path = HEAD; sourceTree = "<group>"; };
		AA43BC072F29F8FB00C38282 /* index */ = {isa = PBXFileReference; lastKnownFileType = file; path = index; sourceTree = "<group>"; };
		AA43BC082F29F8FB00C38282 /* ORIG_HEAD */ = {isa = PBXFileReference; lastKnownFileType = text; path = ORIG_HEAD; sourceTree = "<group>"; };
		AA43BC092F29F8FB00C38282 /* packed-refs */ = {isa = PBXFileReference; lastKnownFileType = text; path = "packed-refs"; sourceTree = "<group>"; };
		AA43BC0B2F29F8FB00C38282 /* .gitignore */ = {isa = PBXFileReference; lastKnownFileType = text; path = .gitignore; sourceTree = "<group>"; };
/* End PBXFileReference section */

/* Begin PBXFileSystemSynchronizedRootGroup section */
		AA43BB512F13800100C38282 /* HouseChores */ = {
			isa = PBXFileSystemSynchronizedRootGroup;
			path = HouseChores;
			sourceTree = "<group>";
		};
/* End PBXFileSystemSynchronizedRootGroup section */

/* Begin PBXFrameworksBuildPhase section */
		AA43BB4C2F13800100C38282 /* Frameworks */ = {
			isa = PBXFrameworksBuildPhase;
			buildActionMask = 2147483647;
			files = (
			);
			runOnlyForDeploymentPostprocessing = 0;
		};
/* End PBXFrameworksBuildPhase section */

/* Begin PBXGroup section */
		AA43BB462F13800100C38282 = {
			isa = PBXGroup;
			children = (
				AA43BB8D2F29F79400C38282 /* README-1.md */,
				AA43BB8C2F29F79400C38282 /* README.md */,
				AA43BB8E2F29F79400C38282 /* TODO.md */,
				AA43BB512F13800100C38282 /* HouseChores */,
				AA43BB502F13800100C38282 /* Products */,
				AA43BC0A2F29F8FB00C38282 /* .git */,
				AA43BC0B2F29F8FB00C38282 /* .gitignore */,
			);
			sourceTree = "<group>";
		};
		AA43BB502F13800100C38282 /* Products */ = {
			isa = PBXGroup;
			children = (
				AA43BB4F2F13800100C38282 /* HouseChores.app */,
			);
			name = Products;
			sourceTree = "<group>";
		};
		AA43BBA22F29F8FB00C38282 /* hooks */ = {
			isa = PBXGroup;
			children = (
				AA43BB952F29F8FB00C38282 /* applypatch-msg.sample */,
				AA43BB962F29F8FB00C38282 /* commit-msg.sample */,
				AA43BB972F29F8FB00C38282 /* fsmonitor-watchman.sample */,
				AA43BB982F29F8FB00C38282 /* post-update.sample */,
				AA43BB992F29F8FB00C38282 /* pre-applypatch.sample */,
				AA43BB9A2F29F8FB00C38282 /* pre-commit.sample */,
				AA43BB9B2F29F8FB00C38282 /* pre-merge-commit.sample */,
				AA43BB9C2F29F8FB00C38282 /* pre-push.sample */,
				AA43BB9D2F29F8FB00C38282 /* pre-rebase.sample */,
				AA43BB9E2F29F8FB00C38282 /* pre-receive.sample */,
				AA43BB9F2F29F8FB00C38282 /* prepare-commit-msg.sample */,
				AA43BBA02F29F8FB00C38282 /* push-to-checkout.sample */,
				AA43BBA12F29F8FB00C38282 /* update.sample */,
			);
			path = hooks;
			sourceTree = "<group>";
		};
		AA43BBA42F29F8FB00C38282 /* info */ = {
			isa = PBXGroup;
			children = (
				AA43BBA32F29F8FB00C38282 /* exclude */,
			);
			path = info;
			sourceTree = "<group>";
		};
		AA43BBA62F29F8FB00C38282 /* heads */ = {
			isa = PBXGroup;
			children = (
				AA43BBA52F29F8FB00C38282 /* main */,
			);
			path = heads;
			sourceTree = "<group>";
		};
		AA43BBA92F29F8FB00C38282 /* origin */ = {
			isa = PBXGroup;
			children = (
				AA43BBA72F29F8FB00C38282 /* HEAD */,
				AA43BBA82F29F8FB00C38282 /* main */,
			);
			path = origin;
			sourceTree = "<group>";
		};
		AA43BBAA2F29F8FB00C38282 /* remotes */ = {
			isa = PBXGroup;
			children = (
				AA43BBA92F29F8FB00C38282 /* origin */,
			);
			path = remotes;
			sourceTree = "<group>";
		};
		AA43BBAB2F29F8FB00C38282 /* refs */ = {
			isa = PBXGroup;
			children = (
				AA43BBA62F29F8FB00C38282 /* heads */,
				AA43BBAA2F29F8FB00C38282 /* remotes */,
			);
			path = refs;
			sourceTree = "<group>";
		};
		AA43BBAD2F29F8FB00C38282 /* logs */ = {
			isa = PBXGroup;
			children = (
				AA43BBAB2F29F8FB00C38282 /* refs */,
				AA43BBAC2F29F8FB00C38282 /* HEAD */,
			);
			path = logs;
			sourceTree = "<group>";
		};
		AA43BBAF2F29F8FB00C38282 /* 1e */ = {
			isa = PBXGroup;
			children = (
				AA43BBAE2F29F8FB00C38282 /* e09954f7740b943bdb7679055d1f26d229ffe9 */,
			);
			path = 1e;
			sourceTree = "<group>";
		};
		AA43BBB12F29F8FB00C38282 /* 1f */ = {
			isa = PBXGroup;
			children = (
				AA43BBB02F29F8FB00C38282 /* 40fde85817856b8d89b798ef60e285ef6fd9a7 */,
			);
			path = 1f;
			sourceTree = "<group>";
		};
		AA43BBB32F29F8FB00C38282 /* 3c */ = {
			isa = PBXGroup;
			children = (
				AA43BBB22F29F8FB00C38282 /* d45b13f1af1f6a4f05377e415ca114213940ba */,
			);
			path = 3c;
			sourceTree = "<group>";
		};
		AA43BBB62F29F8FB00C38282 /* 4a */ = {
			isa = PBXGroup;
			children = (
				AA43BBB42F29F8FB00C38282 /* 96279506e6d6e852047e7d691f56b472f63fe4 */,
				AA43BBB52F29F8FB00C38282 /* a1154ef16393a5b60e55d0f489964927ce578f */,
			);
			path = 4a;
			sourceTree = "<group>";
		};
		AA43BBB82F29F8FB00C38282 /* 5a */ = {
			isa = PBXGroup;
			children = (
				AA43BBB72F29F8FB00C38282 /* d7a76a9d4131bfd79a25795e1af6902dff130d */,
			);
			path = 5a;
			sourceTree = "<group>";
		};
		AA43BBBA2F29F8FB00C38282 /* 5f */ = {
			isa = PBXGroup;
			children = (
				AA43BBB92F29F8FB00C38282 /* 56da6555df6f220f4b74f3417e8e7cfe6c4aaa */,
			);
			path = 5f;
			sourceTree = "<group>";
		};
		AA43BBBD2F29F8FB00C38282 /* 6f */ = {
			isa = PBXGroup;
			children = (
				AA43BBBB2F29F8FB00C38282 /* 969ba5cfc5b778a2427065cc9a9275df4f9d65 */,
				AA43BBBC2F29F8FB00C38282 /* c4cc9f7565df0394cfcec720178425725f15f2 */,
			);
			path = 6f;
			sourceTree = "<group>";
		};
		AA43BBBF2F29F8FB00C38282 /* 8c */ = {
			isa = PBXGroup;
			children = (
				AA43BBBE2F29F8FB00C38282 /* 764e796bdf2d08261c12e7729f72cbf5d89faa */,
			);
			path = 8c;
			sourceTree = "<group>";
		};
		AA43BBC12F29F8FB00C38282 /* 8d */ = {
			isa = PBXGroup;
			children = (
				AA43BBC02F29F8FB00C38282 /* 9ffd68347c34ce1b2d5ea0ae081be55cc7ef6c */,
			);
			path = 8d;
			sourceTree = "<group>";
		};
		AA43BBC32F29F8FB00C38282 /* 19 */ = {
			isa = PBXGroup;
			children = (
				AA43BBC22F29F8FB00C38282 /* ff337514cb94f93384d253fb598b5159211078 */,
			);
			path = 19;
			sourceTree = "<group>";
		};
		AA43BBC52F29F8FB00C38282 /* 20 */ = {
			isa = PBXGroup;
			children = (
				AA43BBC42F29F8FB00C38282 /* 046a3864fdc31b9f5e0d7379f1c8051251751f */,
			);
			path = 20;
			sourceTree = "<group>";
		};
		AA43BBC72F29F8FB00C38282 /* 23 */ = {
			isa = PBXGroup;
			children = (
				AA43BBC62F29F8FB00C38282 /* 05880107db52fdcc2a49e2cd1cd14ced699c85 */,
			);
			path = 23;
			sourceTree = "<group>";
		};
		AA43BBCA2F29F8FB00C38282 /* 29 */ = {
			isa = PBXGroup;
			children = (
				AA43BBC82F29F8FB00C38282 /* 76ad355f0525bc332aec0a18e926b5a8007c23 */,
				AA43BBC92F29F8FB00C38282 /* 400cdb8dce2c3b2fb5110f4d58e4928dd50142 */,
			);
			path = 29;
			sourceTree = "<group>";
		};
		AA43BBCC2F29F8FB00C38282 /* 30 */ = {
			isa = PBXGroup;
			children = (
				AA43BBCB2F29F8FB00C38282 /* 95e435e55b46a00daff037533a283c7f8754f2 */,
			);
			path = 30;
			sourceTree = "<group>";
		};
		AA43BBCE2F29F8FB00C38282 /* 46 */ = {
			isa = PBXGroup;
			children = (
				AA43BBCD2F29F8FB00C38282 /* 4d28d7249c278443fff36c3129e0e802dd58d6 */,
			);
			path = 46;
			sourceTree = "<group>";
		};
		AA43BBD02F29F8FB00C38282 /* 66 */ = {
			isa = PBXGroup;
			children = (
				AA43BBCF2F29F8FB00C38282 /* d4d9c1a48bbdd23e267ee46766d665868a73e9 */,
			);
			path = 66;
			sourceTree = "<group>";
		};
		AA43BBD22F29F8FB00C38282 /* 73 */ = {
			isa = PBXGroup;
			children = (
				AA43BBD12F29F8FB00C38282 /* c00596a7fca3f3d4bdd64053b69d86745f9e10 */,
			);
			path = 73;
			sourceTree = "<group>";
		};
		AA43BBD42F29F8FB00C38282 /* 79 */ = {
			isa = PBXGroup;
			children = (
				AA43BBD32F29F8FB00C38282 /* 007ad5d3538f89cca988bbf02f94cf72f007e4 */,
			);
			path = 79;
			sourceTree = "<group>";
		};
		AA43BBD62F29F8FB00C38282 /* 90 */ = {
			isa = PBXGroup;
			children = (
				AA43BBD52F29F8FB00C38282 /* e04a679193575cb341088b0e2b3d9d828f11c9 */,
			);
			path = 90;
			sourceTree = "<group>";
		};
		AA43BBD82F29F8FB00C38282 /* 91 */ = {
			isa = PBXGroup;
			children = (
				AA43BBD72F29F8FB00C38282 /* 9434a6254f0e9651f402737811be6634a03e9c */,
			);
			path = 91;
			sourceTree = "<group>";
		};
		AA43BBDA2F29F8FB00C38282 /* 93 */ = {
			isa = PBXGroup;
			children = (
				AA43BBD92F29F8FB00C38282 /* 886089811f40dbb9e5835b48725e9b662c611a */,
			);
			path = 93;
			sourceTree = "<group>";
		};
		AA43BBDC2F29F8FB00C38282 /* a6 */ = {
			isa = PBXGroup;
			children = (
				AA43BBDB2F29F8FB00C38282 /* 559e7ddcec5a54c9aac2f86c6a211a63148d31 */,
			);
			path = a6;
			sourceTree = "<group>";
		};
		AA43BBDE2F29F8FB00C38282 /* ba */ = {
			isa = PBXGroup;
			children = (
				AA43BBDD2F29F8FB00C38282 /* e3f2b62998509d9e87bd03d7f7c3b1ca441cde */,
			);
			path = ba;
			sourceTree = "<group>";
		};
		AA43BBE02F29F8FB00C38282 /* be */ = {
			isa = PBXGroup;
			children = (
				AA43BBDF2F29F8FB00C38282 /* 34193e1766e368684ed6959911e204d8c735b8 */,
			);
			path = be;
			sourceTree = "<group>";
		};
		AA43BBE32F29F8FB00C38282 /* c0 */ = {
			isa = PBXGroup;
			children = (
				AA43BBE12F29F8FB00C38282 /* 0a6b13fea39fe7ea8a14a1f9e6401d03a8129e */,
				AA43BBE22F29F8FB00C38282 /* 691848f2dff1e898e0441a42140d860d5f9882 */,
			);
			path = c0;
			sourceTree = "<group>";
		};
		AA43BBE62F29F8FB00C38282 /* c4 */ = {
			isa = PBXGroup;
			children = (
				AA43BBE42F29F8FB00C38282 /* 559efc33e548f59b7e3c99e1b8d03975f009f7 */,
				AA43BBE52F29F8FB00C38282 /* c0f78898bf5a9f4889bdfa6252881a53b12721 */,
			);
			path = c4;
			sourceTree = "<group>";
		};
		AA43BBE82F29F8FB00C38282 /* ce */ = {
			isa = PBXGroup;
			children = (
				AA43BBE72F29F8FB00C38282 /* a5d2ae220c7db8050e4d6516801e26a3e3529b */,
			);
			path = ce;
			sourceTree = "<group>";
		};
		AA43BBEA2F29F8FB00C38282 /* d6 */ = {
			isa = PBXGroup;
			children = (
				AA43BBE92F29F8FB00C38282 /* 0c3bc145724a037c367af8bd72b1b6d0d09a4d */,
			);
			path = d6;
			sourceTree = "<group>";
		};
		AA43BBEC2F29F8FB00C38282 /* de */ = {
			isa = PBXGroup;
			children = (
				AA43BBEB2F29F8FB00C38282 /* 88c9758f6ef96faf9f5d62b52e2d0a4e2cd0fc */,
			);
			path = de;
			sourceTree = "<group>";
		};
		AA43BBEF2F29F8FB00C38282 /* e6 */ = {
			isa = PBXGroup;
			children = (
				AA43BBED2F29F8FB00C38282 /* 7a63eea7e9c0ce5de3966399f96c4442a0e626 */,
				AA43BBEE2F29F8FB00C38282 /* 9de29bb2d1d6434b8b29ae775ad8c2e48c5391 */,
			);
			path = e6;
			sourceTree = "<group>";
		};
		AA43BBF12F29F8FB00C38282 /* eb */ = {
			isa = PBXGroup;
			children = (
				AA43BBF02F29F8FB00C38282 /* 8789700816459c1e1480e0b34781d9fb78a1ca */,
			);
			path = eb;
			sourceTree = "<group>";
		};
		AA43BBF32F29F8FB00C38282 /* f2 */ = {
			isa = PBXGroup;
			children = (
				AA43BBF22F29F8FB00C38282 /* 840dce66cd3e780cd62b178e66d8ef15b204a3 */,
			);
			path = f2;
			sourceTree = "<group>";
		};
		AA43BBF52F29F8FB00C38282 /* f4 */ = {
			isa = PBXGroup;
			children = (
				AA43BBF42F29F8FB00C38282 /* e176ea9134c086b379d40bc2c2dd1d1c50c505 */,
			);
			path = f4;
			sourceTree = "<group>";
		};
		AA43BBF62F29F8FB00C38282 /* info */ = {
			isa = PBXGroup;
			children = (
			);
			path = info;
			sourceTree = "<group>";
		};
		AA43BBF92F29F8FB00C38282 /* pack */ = {
			isa = PBXGroup;
			children = (
				AA43BBF72F29F8FB00C38282 /* pack-a9ec5e8692ac7fd102b0d1012747c5bcfcbd8db5.idx */,
				AA43BBF82F29F8FB00C38282 /* pack-a9ec5e8692ac7fd102b0d1012747c5bcfcbd8db5.pack */,
			);
			path = pack;
			sourceTree = "<group>";
		};
		AA43BBFA2F29F8FB00C38282 /* objects */ = {
			isa = PBXGroup;
			children = (
				AA43BBAF2F29F8FB00C38282 /* 1e */,
				AA43BBB12F29F8FB00C38282 /* 1f */,
				AA43BBB32F29F8FB00C38282 /* 3c */,
				AA43BBB62F29F8FB00C38282 /* 4a */,
				AA43BBB82F29F8FB00C38282 /* 5a */,
				AA43BBBA2F29F8FB00C38282 /* 5f */,
				AA43BBBD2F29F8FB00C38282 /* 6f */,
				AA43BBBF2F29F8FB00C38282 /* 8c */,
				AA43BBC12F29F8FB00C38282 /* 8d */,
				AA43BBC32F29F8FB00C38282 /* 19 */,
				AA43BBC52F29F8FB00C38282 /* 20 */,
				AA43BBC72F29F8FB00C38282 /* 23 */,
				AA43BBCA2F29F8FB00C38282 /* 29 */,
				AA43BBCC2F29F8FB00C38282 /* 30 */,
				AA43BBCE2F29F8FB00C38282 /* 46 */,
				AA43BBD02F29F8FB00C38282 /* 66 */,
				AA43BBD22F29F8FB00C38282 /* 73 */,
				AA43BBD42F29F8FB00C38282 /* 79 */,
				AA43BBD62F29F8FB00C38282 /* 90 */,
				AA43BBD82F29F8FB00C38282 /* 91 */,
				AA43BBDA2F29F8FB00C38282 /* 93 */,
				AA43BBDC2F29F8FB00C38282 /* a6 */,
				AA43BBDE2F29F8FB00C38282 /* ba */,
				AA43BBE02F29F8FB00C38282 /* be */,
				AA43BBE32F29F8FB00C38282 /* c0 */,
				AA43BBE62F29F8FB00C38282 /* c4 */,
				AA43BBE82F29F8FB00C38282 /* ce */,
				AA43BBEA2F29F8FB00C38282 /* d6 */,
				AA43BBEC2F29F8FB00C38282 /* de */,
				AA43BBEF2F29F8FB00C38282 /* e6 */,
				AA43BBF12F29F8FB00C38282 /* eb */,
				AA43BBF32F29F8FB00C38282 /* f2 */,
				AA43BBF52F29F8FB00C38282 /* f4 */,
				AA43BBF62F29F8FB00C38282 /* info */,
				AA43BBF92F29F8FB00C38282 /* pack */,
			);
			path = objects;
			sourceTree = "<group>";
		};
		AA43BBFC2F29F8FB00C38282 /* heads */ = {
			isa = PBXGroup;
			children = (
				AA43BBFB2F29F8FB00C38282 /* main */,
			);
			path = heads;
			sourceTree = "<group>";
		};
		AA43BBFF2F29F8FB00C38282 /* origin */ = {
			isa = PBXGroup;
			children = (
				AA43BBFD2F29F8FB00C38282 /* HEAD */,
				AA43BBFE2F29F8FB00C38282 /* main */,
			);
			path = origin;
			sourceTree = "<group>";
		};
		AA43BC002F29F8FB00C38282 /* remotes */ = {
			isa = PBXGroup;
			children = (
				AA43BBFF2F29F8FB00C38282 /* origin */,
			);
			path = remotes;
			sourceTree = "<group>";
		};
		AA43BC012F29F8FB00C38282 /* tags */ = {
			isa = PBXGroup;
			children = (
			);
			path = tags;
			sourceTree = "<group>";
		};
		AA43BC022F29F8FB00C38282 /* refs */ = {
			isa = PBXGroup;
			children = (
				AA43BBFC2F29F8FB00C38282 /* heads */,
				AA43BC002F29F8FB00C38282 /* remotes */,
				AA43BC012F29F8FB00C38282 /* tags */,
			);
			path = refs;
			sourceTree = "<group>";
		};
		AA43BC0A2F29F8FB00C38282 /* .git */ = {
			isa = PBXGroup;
			children = (
				AA43BBA22F29F8FB00C38282 /* hooks */,
				AA43BBA42F29F8FB00C38282 /* info */,
				AA43BBAD2F29F8FB00C38282 /* logs */,
				AA43BBFA2F29F8FB00C38282 /* objects */,
				AA43BC022F29F8FB00C38282 /* refs */,
				AA43BC032F29F8FB00C38282 /* config */,
				AA43BC042F29F8FB00C38282 /* description */,
				AA43BC052F29F8FB00C38282 /* FETCH_HEAD */,
				AA43BC062F29F8FB00C38282 /* HEAD */,
				AA43BC072F29F8FB00C38282 /* index */,
				AA43BC082F29F8FB00C38282 /* ORIG_HEAD */,
				AA43BC092F29F8FB00C38282 /* packed-refs */,
			);
			path = .git;
			sourceTree = "<group>";
		};
/* End PBXGroup section */

/* Begin PBXNativeTarget section */
		AA43BB4E2F13800100C38282 /* HouseChores */ = {
			isa = PBXNativeTarget;
			buildConfigurationList = AA43BB5A2F13800300C38282 /* Build configuration list for PBXNativeTarget "HouseChores" */;
			buildPhases = (
				AA43BB4B2F13800100C38282 /* Sources */,
				AA43BB4C2F13800100C38282 /* Frameworks */,
				AA43BB4D2F13800100C38282 /* Resources */,
			);
			buildRules = (
			);
			dependencies = (
			);
			fileSystemSynchronizedGroups = (
				AA43BB512F13800100C38282 /* HouseChores */,
			);
			name = HouseChores;
			packageProductDependencies = (
			);
			productName = HouseChores;
			productReference = AA43BB4F2F13800100C38282 /* HouseChores.app */;
			productType = "com.apple.product-type.application";
		};
/* End PBXNativeTarget section */

/* Begin PBXProject section */
		AA43BB472F13800100C38282 /* Project object */ = {
			isa = PBXProject;
			attributes = {
				BuildIndependentTargetsInParallel = 1;
				LastSwiftUpdateCheck = 2620;
				LastUpgradeCheck = 2620;
				TargetAttributes = {
					AA43BB4E2F13800100C38282 = {
						CreatedOnToolsVersion = 26.2;
					};
				};
			};
			buildConfigurationList = AA43BB4A2F13800100C38282 /* Build configuration list for PBXProject "HouseChores" */;
			developmentRegion = en;
			hasScannedForEncodings = 0;
			knownRegions = (
				en,
				Base,
			);
			mainGroup = AA43BB462F13800100C38282;
			minimizedProjectReferenceProxies = 1;
			preferredProjectObjectVersion = 77;
			productRefGroup = AA43BB502F13800100C38282 /* Products */;
			projectDirPath = "";
			projectRoot = "";
			targets = (
				AA43BB4E2F13800100C38282 /* HouseChores */,
			);
		};
/* End PBXProject section */

/* Begin PBXResourcesBuildPhase section */
		AA43BB4D2F13800100C38282 /* Resources */ = {
			isa = PBXResourcesBuildPhase;
			buildActionMask = 2147483647;
			files = (
				AA43BC0C2F29F8FB00C38282 /* d7a76a9d4131bfd79a25795e1af6902dff130d in Resources */,
				AA43BC0D2F29F8FB00C38282 /* FETCH_HEAD in Resources */,
				AA43BC0E2F29F8FB00C38282 /* HEAD in Resources */,
				AA43BC0F2F29F8FB00C38282 /* update.sample in Resources */,
				AA43BC102F29F8FB00C38282 /* 400cdb8dce2c3b2fb5110f4d58e4928dd50142 in Resources */,
				AA43BC112F29F8FB00C38282 /* 7a63eea7e9c0ce5de3966399f96c4442a0e626 in Resources */,
				AA43BC122F29F8FB00C38282 /* c00596a7fca3f3d4bdd64053b69d86745f9e10 in Resources */,
				AA43BC132F29F8FB00C38282 /* ORIG_HEAD in Resources */,
				AA43BC142F29F8FB00C38282 /* applypatch-msg.sample in Resources */,
				AA43BC152F29F8FB00C38282 /* 559efc33e548f59b7e3c99e1b8d03975f009f7 in Resources */,
				AA43BC162F29F8FB00C38282 /* 4d28d7249c278443fff36c3129e0e802dd58d6 in Resources */,
				AA43BC172F29F8FB00C38282 /* 56da6555df6f220f4b74f3417e8e7cfe6c4aaa in Resources */,
				AA43BC182F29F8FB00C38282 /* e176ea9134c086b379d40bc2c2dd1d1c50c505 in Resources */,
				AA43BC192F29F8FB00C38282 /* e04a679193575cb341088b0e2b3d9d828f11c9 in Resources */,
				AA43BC1A2F29F8FB00C38282 /* main in Resources */,
				AA43BC1B2F29F8FB00C38282 /* 0a6b13fea39fe7ea8a14a1f9e6401d03a8129e in Resources */,
				AA43BC1C2F29F8FB00C38282 /* 76ad355f0525bc332aec0a18e926b5a8007c23 in Resources */,
				AA43BC1D2F29F8FB00C38282 /* main in Resources */,
				AA43BC1E2F29F8FB00C38282 /* 40fde85817856b8d89b798ef60e285ef6fd9a7 in Resources */,
				AA43BC1F2F29F8FB00C38282 /* HEAD in Resources */,
				AA43BC202F29F8FB00C38282 /* 9434a6254f0e9651f402737811be6634a03e9c in Resources */,
				AA43BC212F29F8FB00C38282 /* e3f2b62998509d9e87bd03d7f7c3b1ca441cde in Resources */,
				AA43BC222F29F8FB00C38282 /* 007ad5d3538f89cca988bbf02f94cf72f007e4 in Resources */,
				AA43BC232F29F8FB00C38282 /* pack-a9ec5e8692ac7fd102b0d1012747c5bcfcbd8db5.pack in Resources */,
				AA43BC242F29F8FB00C38282 /* a1154ef16393a5b60e55d0f489964927ce578f in Resources */,
				AA43BC252F29F8FB00C38282 /* pre-receive.sample in Resources */,
				AA43BC262F29F8FB00C38282 /* 840dce66cd3e780cd62b178e66d8ef15b204a3 in Resources */,
				AA43BC272F29F8FB00C38282 /* pack-a9ec5e8692ac7fd102b0d1012747c5bcfcbd8db5.idx in Resources */,
				AA43BC282F29F8FB00C38282 /* pre-rebase.sample in Resources */,
				AA43BC292F29F8FB00C38282 /* 559e7ddcec5a54c9aac2f86c6a211a63148d31 in Resources */,
				AA43BC2A2F29F8FB00C38282 /* .gitignore in Resources */,
				AA43BC2B2F29F8FB00C38282 /* 95e435e55b46a00daff037533a283c7f8754f2 in Resources */,
				AA43BC2C2F29F8FB00C38282 /* 96279506e6d6e852047e7d691f56b472f63fe4 in Resources */,
				AA43BC2D2F29F8FB00C38282 /* 886089811f40dbb9e5835b48725e9b662c611a in Resources */,
				AA43BC2E2F29F8FB00C38282 /* 969ba5cfc5b778a2427065cc9a9275df4f9d65 in Resources */,
				AA43BC2F2F29F8FB00C38282 /* config in Resources */,
				AA43BC302F29F8FB00C38282 /* index in Resources */,
				AA43BC312F29F8FB00C38282 /* 046a3864fdc31b9f5e0d7379f1c8051251751f in Resources */,
				AA43BC322F29F8FB00C38282 /* ff337514cb94f93384d253fb598b5159211078 in Resources */,
				AA43BC332F29F8FB00C38282 /* d45b13f1af1f6a4f05377e415ca114213940ba in Resources */,
				AA43BC342F29F8FB00C38282 /* commit-msg.sample in Resources */,
				AA43BC352F29F8FB00C38282 /* description in Resources */,
				AA43BC362F29F8FB00C38282 /* main in Resources */,
				AA43BC372F29F8FB00C38282 /* a5d2ae220c7db8050e4d6516801e26a3e3529b in Resources */,
				AA43BC382F29F8FB00C38282 /* post-update.sample in Resources */,
				AA43BC392F29F8FB00C38282 /* main in Resources */,
				AA43BC3A2F29F8FB00C38282 /* 9de29bb2d1d6434b8b29ae775ad8c2e48c5391 in Resources */,
				AA43BC3B2F29F8FB00C38282 /* 34193e1766e368684ed6959911e204d8c735b8 in Resources */,
				AA43BC3C2F29F8FB00C38282 /* 05880107db52fdcc2a49e2cd1cd14ced699c85 in Resources */,
				AA43BC3D2F29F8FB00C38282 /* 9ffd68347c34ce1b2d5ea0ae081be55cc7ef6c in Resources */,
				AA43BC3E2F29F8FB00C38282 /* 691848f2dff1e898e0441a42140d860d5f9882 in Resources */,
				AA43BC3F2F29F8FB00C38282 /* pre-push.sample in Resources */,
				AA43BC402F29F8FB00C38282 /* pre-merge-commit.sample in Resources */,
				AA43BC412F29F8FB00C38282 /* packed-refs in Resources */,
				AA43BC422F29F8FB00C38282 /* 88c9758f6ef96faf9f5d62b52e2d0a4e2cd0fc in Resources */,
				AA43BC432F29F8FB00C38282 /* 8789700816459c1e1480e0b34781d9fb78a1ca in Resources */,
				AA43BC442F29F8FB00C38282 /* d4d9c1a48bbdd23e267ee46766d665868a73e9 in Resources */,
				AA43BC452F29F8FB00C38282 /* fsmonitor-watchman.sample in Resources */,
				AA43BC462F29F8FB00C38282 /* pre-applypatch.sample in Resources */,
				AA43BC472F29F8FB00C38282 /* c0f78898bf5a9f4889bdfa6252881a53b12721 in Resources */,
				AA43BC482F29F8FB00C38282 /* exclude in Resources */,
				AA43BC492F29F8FB00C38282 /* 0c3bc145724a037c367af8bd72b1b6d0d09a4d in Resources */,
				AA43BC4A2F29F8FB00C38282 /* prepare-commit-msg.sample in Resources */,
				AA43BC4B2F29F8FB00C38282 /* HEAD in Resources */,
				AA43BC4C2F29F8FB00C38282 /* e09954f7740b943bdb7679055d1f26d229ffe9 in Resources */,
				AA43BC4D2F29F8FB00C38282 /* push-to-checkout.sample in Resources */,
				AA43BC4E2F29F8FB00C38282 /* HEAD in Resources */,
				AA43BC4F2F29F8FB00C38282 /* 764e796bdf2d08261c12e7729f72cbf5d89faa in Resources */,
				AA43BC502F29F8FB00C38282 /* c4cc9f7565df0394cfcec720178425725f15f2 in Resources */,
				AA43BC512F29F8FB00C38282 /* pre-commit.sample in Resources */,
				AA43BB8F2F29F79400C38282 /* README.md in Resources */,
				AA43BB902F29F79400C38282 /* TODO.md in Resources */,
				AA43BB912F29F79400C38282 /* README-1.md in Resources */,
			);
			runOnlyForDeploymentPostprocessing = 0;
		};
/* End PBXResourcesBuildPhase section */

/* Begin PBXSourcesBuildPhase section */
		AA43BB4B2F13800100C38282 /* Sources */ = {
			isa = PBXSourcesBuildPhase;
			buildActionMask = 2147483647;
			files = (
			);
			runOnlyForDeploymentPostprocessing = 0;
		};
/* End PBXSourcesBuildPhase section */

/* Begin XCBuildConfiguration section */
		AA43BB582F13800300C38282 /* Debug */ = {
			isa = XCBuildConfiguration;
			buildSettings = {
				ALWAYS_SEARCH_USER_PATHS = NO;
				ASSETCATALOG_COMPILER_GENERATE_SWIFT_ASSET_SYMBOL_EXTENSIONS = YES;
				CLANG_ANALYZER_NONNULL = YES;
				CLANG_ANALYZER_NUMBER_OBJECT_CONVERSION = YES_AGGRESSIVE;
				CLANG_CXX_LANGUAGE_STANDARD = "gnu++20";
				CLANG_ENABLE_MODULES = YES;
				CLANG_ENABLE_OBJC_ARC = YES;
				CLANG_ENABLE_OBJC_WEAK = YES;
				CLANG_WARN_BLOCK_CAPTURE_AUTORELEASING = YES;
				CLANG_WARN_BOOL_CONVERSION = YES;
				CLANG_WARN_COMMA = YES;
				CLANG_WARN_CONSTANT_CONVERSION = YES;
				CLANG_WARN_DEPRECATED_OBJC_IMPLEMENTATIONS = YES;
				CLANG_WARN_DIRECT_OBJC_ISA_USAGE = YES_ERROR;
				CLANG_WARN_DOCUMENTATION_COMMENTS = YES;
				CLANG_WARN_EMPTY_BODY = YES;
				CLANG_WARN_ENUM_CONVERSION = YES;
				CLANG_WARN_INFINITE_RECURSION = YES;
				CLANG_WARN_INT_CONVERSION = YES;
				CLANG_WARN_NON_LITERAL_NULL_CONVERSION = YES;
				CLANG_WARN_OBJC_IMPLICIT_RETAIN_SELF = YES;
				CLANG_WARN_OBJC_LITERAL_CONVERSION = YES;
				CLANG_WARN_OBJC_ROOT_CLASS = YES_ERROR;
				CLANG_WARN_QUOTED_INCLUDE_IN_FRAMEWORK_HEADER = YES;
				CLANG_WARN_RANGE_LOOP_ANALYSIS = YES;
				CLANG_WARN_STRICT_PROTOTYPES = YES;
				CLANG_WARN_SUSPICIOUS_MOVE = YES;
				CLANG_WARN_UNGUARDED_AVAILABILITY = YES_AGGRESSIVE;
				CLANG_WARN_UNREACHABLE_CODE = YES;
				CLANG_WARN__DUPLICATE_METHOD_MATCH = YES;
				COPY_PHASE_STRIP = NO;
				DEBUG_INFORMATION_FORMAT = dwarf;
				ENABLE_STRICT_OBJC_MSGSEND = YES;
				ENABLE_TESTABILITY = YES;
				ENABLE_USER_SCRIPT_SANDBOXING = YES;
				GCC_C_LANGUAGE_STANDARD = gnu17;
				GCC_DYNAMIC_NO_PIC = NO;
				GCC_NO_COMMON_BLOCKS = YES;
				GCC_OPTIMIZATION_LEVEL = 0;
				GCC_PREPROCESSOR_DEFINITIONS = (
					"DEBUG=1",
					"$(inherited)",
				);
				GCC_WARN_64_TO_32_BIT_CONVERSION = YES;
				GCC_WARN_ABOUT_RETURN_TYPE = YES_ERROR;
				GCC_WARN_UNDECLARED_SELECTOR = YES;
				GCC_WARN_UNINITIALIZED_AUTOS = YES_AGGRESSIVE;
				GCC_WARN_UNUSED_FUNCTION = YES;
				GCC_WARN_UNUSED_VARIABLE = YES;
				IPHONEOS_DEPLOYMENT_TARGET = 26.2;
				LOCALIZATION_PREFERS_STRING_CATALOGS = YES;
				MTL_ENABLE_DEBUG_INFO = INCLUDE_SOURCE;
				MTL_FAST_MATH = YES;
				ONLY_ACTIVE_ARCH = YES;
				SDKROOT = iphoneos;
				SWIFT_ACTIVE_COMPILATION_CONDITIONS = "DEBUG $(inherited)";
				SWIFT_OPTIMIZATION_LEVEL = "-Onone";
			};
			name = Debug;
		};
		AA43BB592F13800300C38282 /* Release */ = {
			isa = XCBuildConfiguration;
			buildSettings = {
				ALWAYS_SEARCH_USER_PATHS = NO;
				ASSETCATALOG_COMPILER_GENERATE_SWIFT_ASSET_SYMBOL_EXTENSIONS = YES;
				CLANG_ANALYZER_NONNULL = YES;
				CLANG_ANALYZER_NUMBER_OBJECT_CONVERSION = YES_AGGRESSIVE;
				CLANG_CXX_LANGUAGE_STANDARD = "gnu++20";
				CLANG_ENABLE_MODULES = YES;
				CLANG_ENABLE_OBJC_ARC = YES;
				CLANG_ENABLE_OBJC_WEAK = YES;
				CLANG_WARN_BLOCK_CAPTURE_AUTORELEASING = YES;
				CLANG_WARN_BOOL_CONVERSION = YES;
				CLANG_WARN_COMMA = YES;
				CLANG_WARN_CONSTANT_CONVERSION = YES;
				CLANG_WARN_DEPRECATED_OBJC_IMPLEMENTATIONS = YES;
				CLANG_WARN_DIRECT_OBJC_ISA_USAGE = YES_ERROR;
				CLANG_WARN_DOCUMENTATION_COMMENTS = YES;
				CLANG_WARN_EMPTY_BODY = YES;
				CLANG_WARN_ENUM_CONVERSION = YES;
				CLANG_WARN_INFINITE_RECURSION = YES;
				CLANG_WARN_INT_CONVERSION = YES;
				CLANG_WARN_NON_LITERAL_NULL_CONVERSION = YES;
				CLANG_WARN_OBJC_IMPLICIT_RETAIN_SELF = YES;
				CLANG_WARN_OBJC_LITERAL_CONVERSION = YES;
				CLANG_WARN_OBJC_ROOT_CLASS = YES_ERROR;
				CLANG_WARN_QUOTED_INCLUDE_IN_FRAMEWORK_HEADER = YES;
				CLANG_WARN_RANGE_LOOP_ANALYSIS = YES;
				CLANG_WARN_STRICT_PROTOTYPES = YES;
				CLANG_WARN_SUSPICIOUS_MOVE = YES;
				CLANG_WARN_UNGUARDED_AVAILABILITY = YES_AGGRESSIVE;
				CLANG_WARN_UNREACHABLE_CODE = YES;
				CLANG_WARN__DUPLICATE_METHOD_MATCH = YES;
				COPY_PHASE_STRIP = NO;
				DEBUG_INFORMATION_FORMAT = "dwarf-with-dsym";
				ENABLE_NS_ASSERTIONS = NO;
				ENABLE_STRICT_OBJC_MSGSEND = YES;
				ENABLE_USER_SCRIPT_SANDBOXING = YES;
				GCC_C_LANGUAGE_STANDARD = gnu17;
				GCC_NO_COMMON_BLOCKS = YES;
				GCC_WARN_64_TO_32_BIT_CONVERSION = YES;
				GCC_WARN_ABOUT_RETURN_TYPE = YES_ERROR;
				GCC_WARN_UNDECLARED_SELECTOR = YES;
				GCC_WARN_UNINITIALIZED_AUTOS = YES_AGGRESSIVE;
				GCC_WARN_UNUSED_FUNCTION = YES;
				GCC_WARN_UNUSED_VARIABLE = YES;
				IPHONEOS_DEPLOYMENT_TARGET = 26.2;
				LOCALIZATION_PREFERS_STRING_CATALOGS = YES;
				MTL_ENABLE_DEBUG_INFO = NO;
				MTL_FAST_MATH = YES;
				SDKROOT = iphoneos;
				SWIFT_COMPILATION_MODE = wholemodule;
				VALIDATE_PRODUCT = YES;
			};
			name = Release;
		};
		AA43BB5B2F13800300C38282 /* Debug */ = {
			isa = XCBuildConfiguration;
			buildSettings = {
				ASSETCATALOG_COMPILER_APPICON_NAME = AppIcon;
				ASSETCATALOG_COMPILER_GLOBAL_ACCENT_COLOR_NAME = AccentColor;
				CODE_SIGN_STYLE = Automatic;
				CURRENT_PROJECT_VERSION = 1;
				ENABLE_PREVIEWS = YES;
				GENERATE_INFOPLIST_FILE = YES;
				INFOPLIST_KEY_UIApplicationSceneManifest_Generation = YES;
				INFOPLIST_KEY_UIApplicationSupportsIndirectInputEvents = YES;
				INFOPLIST_KEY_UILaunchScreen_Generation = YES;
				INFOPLIST_KEY_UISupportedInterfaceOrientations_iPad = "UIInterfaceOrientationPortrait UIInterfaceOrientationPortraitUpsideDown UIInterfaceOrientationLandscapeLeft UIInterfaceOrientationLandscapeRight";
				INFOPLIST_KEY_UISupportedInterfaceOrientations_iPhone = "UIInterfaceOrientationPortrait UIInterfaceOrientationLandscapeLeft UIInterfaceOrientationLandscapeRight";
				LD_RUNPATH_SEARCH_PATHS = (
					"$(inherited)",
					"@executable_path/Frameworks",
				);
				MARKETING_VERSION = 1.0;
				PRODUCT_BUNDLE_IDENTIFIER = franyek.HouseChores;
				PRODUCT_NAME = "$(TARGET_NAME)";
				STRING_CATALOG_GENERATE_SYMBOLS = YES;
				SWIFT_APPROACHABLE_CONCURRENCY = YES;
				SWIFT_DEFAULT_ACTOR_ISOLATION = MainActor;
				SWIFT_EMIT_LOC_STRINGS = YES;
				SWIFT_UPCOMING_FEATURE_MEMBER_IMPORT_VISIBILITY = YES;
				SWIFT_VERSION = 5.0;
				TARGETED_DEVICE_FAMILY = "1,2";
			};
			name = Debug;
		};
		AA43BB5C2F13800300C38282 /* Release */ = {
			isa = XCBuildConfiguration;
			buildSettings = {
				ASSETCATALOG_COMPILER_APPICON_NAME = AppIcon;
				ASSETCATALOG_COMPILER_GLOBAL_ACCENT_COLOR_NAME = AccentColor;
				CODE_SIGN_STYLE = Automatic;
				CURRENT_PROJECT_VERSION = 1;
				ENABLE_PREVIEWS = YES;
				GENERATE_INFOPLIST_FILE = YES;
				INFOPLIST_KEY_UIApplicationSceneManifest_Generation = YES;
				INFOPLIST_KEY_UIApplicationSupportsIndirectInputEvents = YES;
				INFOPLIST_KEY_UILaunchScreen_Generation = YES;
				INFOPLIST_KEY_UISupportedInterfaceOrientations_iPad = "UIInterfaceOrientationPortrait UIInterfaceOrientationPortraitUpsideDown UIInterfaceOrientationLandscapeLeft UIInterfaceOrientationLandscapeRight";
				INFOPLIST_KEY_UISupportedInterfaceOrientations_iPhone = "UIInterfaceOrientationPortrait UIInterfaceOrientationLandscapeLeft UIInterfaceOrientationLandscapeRight";
				LD_RUNPATH_SEARCH_PATHS = (
					"$(inherited)",
					"@executable_path/Frameworks",
				);
				MARKETING_VERSION = 1.0;
				PRODUCT_BUNDLE_IDENTIFIER = franyek.HouseChores;
				PRODUCT_NAME = "$(TARGET_NAME)";
				STRING_CATALOG_GENERATE_SYMBOLS = YES;
				SWIFT_APPROACHABLE_CONCURRENCY = YES;
				SWIFT_DEFAULT_ACTOR_ISOLATION = MainActor;
				SWIFT_EMIT_LOC_STRINGS = YES;
				SWIFT_UPCOMING_FEATURE_MEMBER_IMPORT_VISIBILITY = YES;
				SWIFT_VERSION = 5.0;
				TARGETED_DEVICE_FAMILY = "1,2";
			};
			name = Release;
		};
/* End XCBuildConfiguration section */

/* Begin XCConfigurationList section */
		AA43BB4A2F13800100C38282 /* Build configuration list for PBXProject "HouseChores" */ = {
			isa = XCConfigurationList;
			buildConfigurations = (
				AA43BB582F13800300C38282 /* Debug */,
				AA43BB592F13800300C38282 /* Release */,
			);
			defaultConfigurationIsVisible = 0;
			defaultConfigurationName = Release;
		};
		AA43BB5A2F13800300C38282 /* Build configuration list for PBXNativeTarget "HouseChores" */ = {
			isa = XCConfigurationList;
			buildConfigurations = (
				AA43BB5B2F13800300C38282 /* Debug */,
				AA43BB5C2F13800300C38282 /* Release */,
			);
			defaultConfigurationIsVisible = 0;
			defaultConfigurationName = Release;
		};
/* End XCConfigurationList section */
	};
	rootObject = AA43BB472F13800100C38282 /* Project object */;
}
